
Microsoft Visual Studio Solution File, Format Version 12.00
# Visual Studio Version 17
VisualStudioVersion = 17.2.32630.192
MinimumVisualStudioVersion = 10.0.40219.1
Project("{FAE04EC0-301F-11D3-BF4B-00C04F79EFBC}") = "JokesAPP1", "JokesAPP1\JokesAPP1.csproj", "{B15F6482-39F3-4515-A126-1C6CBE1234D1}"
EndProject
Global
	GlobalSection(SolutionConfigurationPlatforms) = preSolution
		Debug|Any CPU = Debug|Any CPU
		Release|Any CPU = Release|Any CPU
	EndGlobalSection
	GlobalSection(ProjectConfigurationPlatforms) = postSolution
		{B15F6482-39F3-4515-A126-1C6CBE1234D1}.Debug|Any CPU.ActiveCfg = Debug|Any CPU
		{B15F6482-39F3-4515-A126-1C6CBE1234D1}.Debug|Any CPU.Build.0 = Debug|Any CPU
		{B15F6482-39F3-4515-A126-1C6CBE1234D1}.Release|Any CPU.ActiveCfg = Release|Any CPU
		{B15F6482-39F3-4515-A126-1C6CBE1234D1}.Release|Any CPU.Build.0 = Release|Any CPU
	EndGlobalSection
	GlobalSection(SolutionProperties) = preSolution
		HideSolutionNode = FALSE
	EndGlobalSection
	GlobalSection(ExtensibilityGlobals) = postSolution
		SolutionGuid = {0F7E37A8-ED8D-4B98-8F1B-42803648B8C7}
	EndGlobalSection
EndGlobal
